
Microsoft Visual Studio Solution File, Format Version 12.00
# Visual Studio Version 16
VisualStudioVersion = 16.0.30114.105
MinimumVisualStudioVersion = 10.0.40219.1
Project("{9A19103F-16F7-4668-BE54-9A1E7A4F7556}") = "APICliente", "APICliente\APICliente.csproj", "{802290BD-137C-4DEC-BE7E-BB5C7D2D5E66}"
EndProject
Project("{FAE04EC0-301F-11D3-BF4B-00C04F79EFBC}") = "APIClientexUnitTests", "APIClientexUnitTests\APIClientexUnitTests.csproj", "{DD015AB4-93D6-4C56-9246-33B08FDE5EE3}"
EndProject
Global
	GlobalSection(SolutionConfigurationPlatforms) = preSolution
		Debug|Any CPU = Debug|Any CPU
		Release|Any CPU = Release|Any CPU
	EndGlobalSection
	GlobalSection(ProjectConfigurationPlatforms) = postSolution
		{802290BD-137C-4DEC-BE7E-BB5C7D2D5E66}.Debug|Any CPU.ActiveCfg = Debug|Any CPU
		{802290BD-137C-4DEC-BE7E-BB5C7D2D5E66}.Debug|Any CPU.Build.0 = Debug|Any CPU
		{802290BD-137C-4DEC-BE7E-BB5C7D2D5E66}.Release|Any CPU.ActiveCfg = Release|Any CPU
		{802290BD-137C-4DEC-BE7E-BB5C7D2D5E66}.Release|Any CPU.Build.0 = Release|Any CPU
		{DD015AB4-93D6-4C56-9246-33B08FDE5EE3}.Debug|Any CPU.ActiveCfg = Debug|Any CPU
		{DD015AB4-93D6-4C56-9246-33B08FDE5EE3}.Debug|Any CPU.Build.0 = Debug|Any CPU
		{DD015AB4-93D6-4C56-9246-33B08FDE5EE3}.Release|Any CPU.ActiveCfg = Release|Any CPU
		{DD015AB4-93D6-4C56-9246-33B08FDE5EE3}.Release|Any CPU.Build.0 = Release|Any CPU
	EndGlobalSection
	GlobalSection(SolutionProperties) = preSolution
		HideSolutionNode = FALSE
	EndGlobalSection
	GlobalSection(ExtensibilityGlobals) = postSolution
		SolutionGuid = {40C9A0FC-ACF4-49A9-AFF3-0E80A25C15A5}
	EndGlobalSection
EndGlobal
